
Microsoft Visual Studio Solution File, Format Version 12.00
# Visual Studio Version 17
VisualStudioVersion = 17.5.33502.453
MinimumVisualStudioVersion = 10.0.40219.1
Project("{FAE04EC0-301F-11D3-BF4B-00C04F79EFBC}") = "Book Worm", "Book Worm.csproj", "{EC75EB1C-E09D-48FF-92F8-B35973B83DEC}"
EndProject
Global
	GlobalSection(SolutionConfigurationPlatforms) = preSolution
		Debug|Any CPU = Debug|Any CPU
		Release|Any CPU = Release|Any CPU
	EndGlobalSection
	GlobalSection(ProjectConfigurationPlatforms) = postSolution
		{EC75EB1C-E09D-48FF-92F8-B35973B83DEC}.Debug|Any CPU.ActiveCfg = Debug|Any CPU
		{EC75EB1C-E09D-48FF-92F8-B35973B83DEC}.Debug|Any CPU.Build.0 = Debug|Any CPU
		{EC75EB1C-E09D-48FF-92F8-B35973B83DEC}.Release|Any CPU.ActiveCfg = Release|Any CPU
		{EC75EB1C-E09D-48FF-92F8-B35973B83DEC}.Release|Any CPU.Build.0 = Release|Any CPU
	EndGlobalSection
	GlobalSection(SolutionProperties) = preSolution
		HideSolutionNode = FALSE
	EndGlobalSection
	GlobalSection(ExtensibilityGlobals) = postSolution
		SolutionGuid = {ED1E8CD0-AAA4-45CF-B863-0B39911810FF}
	EndGlobalSection
EndGlobal
